<?xml version="1.0" encoding="utf-8"?>
<Project ToolsVersion="4.0" xmlns="http://schemas.microsoft.com/developer/msbuild/2003">
  <ItemGroup>
    <Filter Include="Source Files">
      <UniqueIdentifier>{4FC737F1-C7A5-4376-A066-2A32D752A2FF}</UniqueIdentifier>
      <Extensions>cpp;c;cc;cxx;def;odl;idl;hpj;bat;asm;asmx</Extensions>
    </Filter>
    <Filter Include="Header Files">
      <UniqueIdentifier>{93995380-89BD-4b04-88EB-625FBE52EBFB}</UniqueIdentifier>
      <Extensions>h;hh;hpp;hxx;hm;inl;inc;ipp;xsd</Extensions>
    </Filter>
    <Filter Include="Resource Files">
      <UniqueIdentifier>{67DA6AB6-F800-4c08-8B7A-83BB121AAD01}</UniqueIdentifier>
      <Extensions>rc;ico;cur;bmp;dlg;rc2;rct;bin;rgs;gif;jpg;jpeg;jpe;resx;tiff;tif;png;wav;mfcribbon-ms</Extensions>
    </Filter>
  </ItemGroup>
  <ItemGroup>
    <ClInclude Include="lib_link.h">
      <Filter>Source Files</Filter>
    </ClInclude>
    <ClInclude Include="stereotgv.h">
      <Filter>Source Files</Filter>
    </ClInclude>
  </ItemGroup>
  <ItemGroup>
    <CudaCompile Include="calcTensor.cu">
      <Filter>Source Files</Filter>
    </CudaCompile>
    <CudaCompile Include="computeDerivatives.cu">
      <Filter>Source Files</Filter>
    </CudaCompile>
    <CudaCompile Include="conversion.cu">
      <Filter>Source Files</Filter>
    </CudaCompile>
    <CudaCompile Include="copyClone.cu">
      <Filter>Source Files</Filter>
    </CudaCompile>
    <CudaCompile Include="downscale.cu">
      <Filter>Source Files</Filter>
    </CudaCompile>
    <CudaCompile Include="flowToHsv.cu">
      <Filter>Source Files</Filter>
    </CudaCompile>
    <CudaCompile Include="imageConverter.cu">
      <Filter>Source Files</Filter>
    </CudaCompile>
    <CudaCompile Include="limitRange.cu">
      <Filter>Source Files</Filter>
    </CudaCompile>
    <CudaCompile Include="medianFilter.cu">
      <Filter>Source Files</Filter>
    </CudaCompile>
    <CudaCompile Include="preconditioning.cu">
      <Filter>Source Files</Filter>
    </CudaCompile>
    <CudaCompile Include="scalar.cu">
      <Filter>Source Files</Filter>
    </CudaCompile>
    <CudaCompile Include="stereotgv.cu">
      <Filter>Source Files</Filter>
    </CudaCompile>
    <CudaCompile Include="thresholdingL1.cu">
      <Filter>Source Files</Filter>
    </CudaCompile>
    <CudaCompile Include="updateDualVariables.cu">
      <Filter>Source Files</Filter>
    </CudaCompile>
    <CudaCompile Include="updatePrimalVariables.cu">
      <Filter>Source Files</Filter>
    </CudaCompile>
    <CudaCompile Include="upscale.cu">
      <Filter>Source Files</Filter>
    </CudaCompile>
    <CudaCompile Include="warpImage.cu">
      <Filter>Source Files</Filter>
    </CudaCompile>
  </ItemGroup>
</Project>