
Microsoft Visual Studio Solution File, Format Version 12.00
# Visual Studio Version 16
VisualStudioVersion = 16.0.29306.81
MinimumVisualStudioVersion = 10.0.40219.1
Project("{8BC9CEB8-8B4A-11D0-8D11-00A0C91BC942}") = "stereotgv", "stereotgv\stereotgv.vcxproj", "{883C3152-B680-40E8-9BC3-AFDAECB96E67}"
EndProject
Project("{8BC9CEB8-8B4A-11D0-8D11-00A0C91BC942}") = "test_vfs", "test_vfs\test_vfs.vcxproj", "{4EF66057-7072-4E40-9D10-60289BE98E5E}"
EndProject
Global
	GlobalSection(SolutionConfigurationPlatforms) = preSolution
		Debug|x64 = Debug|x64
		Debug|x86 = Debug|x86
		Release|x64 = Release|x64
		Release|x86 = Release|x86
	EndGlobalSection
	GlobalSection(ProjectConfigurationPlatforms) = postSolution
		{883C3152-B680-40E8-9BC3-AFDAECB96E67}.Debug|x64.ActiveCfg = Debug|x64
		{883C3152-B680-40E8-9BC3-AFDAECB96E67}.Debug|x64.Build.0 = Debug|x64
		{883C3152-B680-40E8-9BC3-AFDAECB96E67}.Debug|x86.ActiveCfg = Debug|Win32
		{883C3152-B680-40E8-9BC3-AFDAECB96E67}.Debug|x86.Build.0 = Debug|Win32
		{883C3152-B680-40E8-9BC3-AFDAECB96E67}.Release|x64.ActiveCfg = Release|x64
		{883C3152-B680-40E8-9BC3-AFDAECB96E67}.Release|x64.Build.0 = Release|x64
		{883C3152-B680-40E8-9BC3-AFDAECB96E67}.Release|x86.ActiveCfg = Release|Win32
		{883C3152-B680-40E8-9BC3-AFDAECB96E67}.Release|x86.Build.0 = Release|Win32
		{4EF66057-7072-4E40-9D10-60289BE98E5E}.Debug|x64.ActiveCfg = Debug|x64
		{4EF66057-7072-4E40-9D10-60289BE98E5E}.Debug|x64.Build.0 = Debug|x64
		{4EF66057-7072-4E40-9D10-60289BE98E5E}.Debug|x86.ActiveCfg = Debug|Win32
		{4EF66057-7072-4E40-9D10-60289BE98E5E}.Debug|x86.Build.0 = Debug|Win32
		{4EF66057-7072-4E40-9D10-60289BE98E5E}.Release|x64.ActiveCfg = Release|x64
		{4EF66057-7072-4E40-9D10-60289BE98E5E}.Release|x64.Build.0 = Release|x64
		{4EF66057-7072-4E40-9D10-60289BE98E5E}.Release|x86.ActiveCfg = Release|Win32
		{4EF66057-7072-4E40-9D10-60289BE98E5E}.Release|x86.Build.0 = Release|Win32
	EndGlobalSection
	GlobalSection(SolutionProperties) = preSolution
		HideSolutionNode = FALSE
	EndGlobalSection
	GlobalSection(ExtensibilityGlobals) = postSolution
		SolutionGuid = {2A75F3CA-482E-4F26-9EFA-1796382C89BA}
	EndGlobalSection
EndGlobal
